
Microsoft Visual Studio Solution File, Format Version 12.00
# Visual Studio Version 16
VisualStudioVersion = 16.0.29728.190
MinimumVisualStudioVersion = 10.0.40219.1
Project("{FAE04EC0-301F-11D3-BF4B-00C04F79EFBC}") = "KlingenRestaurant", "KlingenRestaurant\KlingenRestaurant.csproj", "{EB437C8E-C7EC-4DFB-B5B7-6129D6D2D5E7}"
EndProject
Global
	GlobalSection(SolutionConfigurationPlatforms) = preSolution
		Debug|Any CPU = Debug|Any CPU
		Release|Any CPU = Release|Any CPU
	EndGlobalSection
	GlobalSection(ProjectConfigurationPlatforms) = postSolution
		{EB437C8E-C7EC-4DFB-B5B7-6129D6D2D5E7}.Debug|Any CPU.ActiveCfg = Debug|Any CPU
		{EB437C8E-C7EC-4DFB-B5B7-6129D6D2D5E7}.Debug|Any CPU.Build.0 = Debug|Any CPU
		{EB437C8E-C7EC-4DFB-B5B7-6129D6D2D5E7}.Release|Any CPU.ActiveCfg = Release|Any CPU
		{EB437C8E-C7EC-4DFB-B5B7-6129D6D2D5E7}.Release|Any CPU.Build.0 = Release|Any CPU
	EndGlobalSection
	GlobalSection(SolutionProperties) = preSolution
		HideSolutionNode = FALSE
	EndGlobalSection
	GlobalSection(ExtensibilityGlobals) = postSolution
		SolutionGuid = {4C96E11F-2FD6-4610-ADEA-3A1493371922}
	EndGlobalSection
EndGlobal
